// !$*UTF8*$!
{
	archiveVersion = 1;
	classes = {
	};
	objectVersion = 56;
	objects = {

/* Begin PBXBuildFile section */
		2336AF2829A1E883006A7525 /* AppDelegate.swift in Sources */ = {isa = PBXBuildFile; fileRef = 2336AF2729A1E883006A7525 /* AppDelegate.swift */; };
		2336AF2A29A1E883006A7525 /* SceneDelegate.swift in Sources */ = {isa = PBXBuildFile; fileRef = 2336AF2929A1E883006A7525 /* SceneDelegate.swift */; };
		2336AF2F29A1E883006A7525 /* Main.storyboard in Resources */ = {isa = PBXBuildFile; fileRef = 2336AF2D29A1E883006A7525 /* Main.storyboard */; };
		2336AF3129A1E884006A7525 /* Assets.xcassets in Resources */ = {isa = PBXBuildFile; fileRef = 2336AF3029A1E884006A7525 /* Assets.xcassets */; };
		2336AF3429A1E884006A7525 /* LaunchScreen.storyboard in Resources */ = {isa = PBXBuildFile; fileRef = 2336AF3229A1E884006A7525 /* LaunchScreen.storyboard */; };
		23A2C95329A2AE4D00FD251C /* List.swift in Sources */ = {isa = PBXBuildFile; fileRef = 23A2C95229A2AE4D00FD251C /* List.swift */; };
		23A2C95529A2B88200FD251C /* Step.swift in Sources */ = {isa = PBXBuildFile; fileRef = 23A2C95429A2B88200FD251C /* Step.swift */; };
		23A2C95A29A2C2C100FD251C /* StepController.swift in Sources */ = {isa = PBXBuildFile; fileRef = 23A2C95929A2C2C100FD251C /* StepController.swift */; };
		23A2C96029A2D6A000FD251C /* ListController.swift in Sources */ = {isa = PBXBuildFile; fileRef = 23A2C95F29A2D6A000FD251C /* ListController.swift */; };
		23A2C96229A2E42300FD251C /* ToDoListTableViewController.swift in Sources */ = {isa = PBXBuildFile; fileRef = 23A2C96129A2E42300FD251C /* ToDoListTableViewController.swift */; };
		23A2C96429A2E43C00FD251C /* StepListTableViewController.swift in Sources */ = {isa = PBXBuildFile; fileRef = 23A2C96329A2E43C00FD251C /* StepListTableViewController.swift */; };
		23A2C96829A2E5EC00FD251C /* ToDoListTableViewCell.swift in Sources */ = {isa = PBXBuildFile; fileRef = 23A2C96729A2E5EC00FD251C /* ToDoListTableViewCell.swift */; };
		23A2C96A29A2E5FF00FD251C /* StepListTableViewCell.swift in Sources */ = {isa = PBXBuildFile; fileRef = 23A2C96929A2E5FF00FD251C /* StepListTableViewCell.swift */; };
/* End PBXBuildFile section */

/* Begin PBXFileReference section */
		2336AF2429A1E883006A7525 /* Unit.3.Assessment.ToDo.app */ = {isa = PBXFileReference; explicitFileType = wrapper.application; includeInIndex = 0; path = Unit.3.Assessment.ToDo.app; sourceTree = BUILT_PRODUCTS_DIR; };
		2336AF2729A1E883006A7525 /* AppDelegate.swift */ = {isa = PBXFileReference; lastKnownFileType = sourcecode.swift; path = AppDelegate.swift; sourceTree = "<group>"; };
		2336AF2929A1E883006A7525 /* SceneDelegate.swift */ = {isa = PBXFileReference; lastKnownFileType = sourcecode.swift; path = SceneDelegate.swift; sourceTree = "<group>"; };
		2336AF2E29A1E883006A7525 /* Base */ = {isa = PBXFileReference; lastKnownFileType = file.storyboard; name = Base; path = Base.lproj/Main.storyboard; sourceTree = "<group>"; };
		2336AF3029A1E884006A7525 /* Assets.xcassets */ = {isa = PBXFileReference; lastKnownFileType = folder.assetcatalog; path = Assets.xcassets; sourceTree = "<group>"; };
		2336AF3329A1E884006A7525 /* Base */ = {isa = PBXFileReference; lastKnownFileType = file.storyboard; name = Base; path = Base.lproj/LaunchScreen.storyboard; sourceTree = "<group>"; };
		2336AF3529A1E884006A7525 /* Info.plist */ = {isa = PBXFileReference; lastKnownFileType = text.plist.xml; path = Info.plist; sourceTree = "<group>"; };
		23A2C95229A2AE4D00FD251C /* List.swift */ = {isa = PBXFileReference; lastKnownFileType = sourcecode.swift; path = List.swift; sourceTree = "<group>"; };
		23A2C95429A2B88200FD251C /* Step.swift */ = {isa = PBXFileReference; lastKnownFileType = sourcecode.swift; path = Step.swift; sourceTree = "<group>"; };
		23A2C95929A2C2C100FD251C /* StepController.swift */ = {isa = PBXFileReference; lastKnownFileType = sourcecode.swift; path = StepController.swift; sourceTree = "<group>"; };
		23A2C95F29A2D6A000FD251C /* ListController.swift */ = {isa = PBXFileReference; lastKnownFileType = sourcecode.swift; path = ListController.swift; sourceTree = "<group>"; };
		23A2C96129A2E42300FD251C /* ToDoListTableViewController.swift */ = {isa = PBXFileReference; lastKnownFileType = sourcecode.swift; path = ToDoListTableViewController.swift; sourceTree = "<group>"; };
		23A2C96329A2E43C00FD251C /* StepListTableViewController.swift */ = {isa = PBXFileReference; lastKnownFileType = sourcecode.swift; path = StepListTableViewController.swift; sourceTree = "<group>"; };
		23A2C96729A2E5EC00FD251C /* ToDoListTableViewCell.swift */ = {isa = PBXFileReference; lastKnownFileType = sourcecode.swift; path = ToDoListTableViewCell.swift; sourceTree = "<group>"; };
		23A2C96929A2E5FF00FD251C /* StepListTableViewCell.swift */ = {isa = PBXFileReference; lastKnownFileType = sourcecode.swift; path = StepListTableViewCell.swift; sourceTree = "<group>"; };
/* End PBXFileReference section */

/* Begin PBXFrameworksBuildPhase section */
		2336AF2129A1E883006A7525 /* Frameworks */ = {
			isa = PBXFrameworksBuildPhase;
			buildActionMask = 2147483647;
			files = (
			);
			runOnlyForDeploymentPostprocessing = 0;
		};
/* End PBXFrameworksBuildPhase section */

/* Begin PBXGroup section */
		2336AF1B29A1E883006A7525 = {
			isa = PBXGroup;
			children = (
				2336AF2629A1E883006A7525 /* Unit.3.Assessment.ToDo */,
				2336AF2529A1E883006A7525 /* Products */,
			);
			sourceTree = "<group>";
		};
		2336AF2529A1E883006A7525 /* Products */ = {
			isa = PBXGroup;
			children = (
				2336AF2429A1E883006A7525 /* Unit.3.Assessment.ToDo.app */,
			);
			name = Products;
			sourceTree = "<group>";
		};
		2336AF2629A1E883006A7525 /* Unit.3.Assessment.ToDo */ = {
			isa = PBXGroup;
			children = (
				23A2C96629A2E47000FD251C /* CustomViews */,
				23A2C95629A2C28F00FD251C /* ModelControllers */,
				23A2C95129A2AE3A00FD251C /* Models */,
				2336AF3B29A1F5B7006A7525 /* ViewControllers */,
				23A2C95B29A2C7A200FD251C /* Storyboards */,
				23A2C95C29A2C7C700FD251C /* SupportingFiles */,
			);
			path = Unit.3.Assessment.ToDo;
			sourceTree = "<group>";
		};
		2336AF3B29A1F5B7006A7525 /* ViewControllers */ = {
			isa = PBXGroup;
			children = (
				23A2C96329A2E43C00FD251C /* StepListTableViewController.swift */,
				23A2C96129A2E42300FD251C /* ToDoListTableViewController.swift */,
			);
			path = ViewControllers;
			sourceTree = "<group>";
		};
		23A2C95129A2AE3A00FD251C /* Models */ = {
			isa = PBXGroup;
			children = (
				23A2C95429A2B88200FD251C /* Step.swift */,
				23A2C95229A2AE4D00FD251C /* List.swift */,
			);
			path = Models;
			sourceTree = "<group>";
		};
		23A2C95629A2C28F00FD251C /* ModelControllers */ = {
			isa = PBXGroup;
			children = (
				23A2C95929A2C2C100FD251C /* StepController.swift */,
				23A2C95F29A2D6A000FD251C /* ListController.swift */,
			);
			path = ModelControllers;
			sourceTree = "<group>";
		};
		23A2C95B29A2C7A200FD251C /* Storyboards */ = {
			isa = PBXGroup;
			children = (
				2336AF2D29A1E883006A7525 /* Main.storyboard */,
				2336AF3229A1E884006A7525 /* LaunchScreen.storyboard */,
			);
			path = Storyboards;
			sourceTree = "<group>";
		};
		23A2C95C29A2C7C700FD251C /* SupportingFiles */ = {
			isa = PBXGroup;
			children = (
				2336AF2729A1E883006A7525 /* AppDelegate.swift */,
				2336AF2929A1E883006A7525 /* SceneDelegate.swift */,
				2336AF3029A1E884006A7525 /* Assets.xcassets */,
				2336AF3529A1E884006A7525 /* Info.plist */,
			);
			path = SupportingFiles;
			sourceTree = "<group>";
		};
		23A2C96629A2E47000FD251C /* CustomViews */ = {
			isa = PBXGroup;
			children = (
				23A2C96929A2E5FF00FD251C /* StepListTableViewCell.swift */,
				23A2C96729A2E5EC00FD251C /* ToDoListTableViewCell.swift */,
			);
			path = CustomViews;
			sourceTree = "<group>";
		};
/* End PBXGroup section */

/* Begin PBXNativeTarget section */
		2336AF2329A1E883006A7525 /* Unit.3.Assessment.ToDo */ = {
			isa = PBXNativeTarget;
			buildConfigurationList = 2336AF3829A1E884006A7525 /* Build configuration list for PBXNativeTarget "Unit.3.Assessment.ToDo" */;
			buildPhases = (
				2336AF2029A1E883006A7525 /* Sources */,
				2336AF2129A1E883006A7525 /* Frameworks */,
				2336AF2229A1E883006A7525 /* Resources */,
			);
			buildRules = (
			);
			dependencies = (
			);
			name = Unit.3.Assessment.ToDo;
			productName = Unit.3.Assessment.ToDo;
			productReference = 2336AF2429A1E883006A7525 /* Unit.3.Assessment.ToDo.app */;
			productType = "com.apple.product-type.application";
		};
/* End PBXNativeTarget section */

/* Begin PBXProject section */
		2336AF1C29A1E883006A7525 /* Project object */ = {
			isa = PBXProject;
			attributes = {
				BuildIndependentTargetsInParallel = 1;
				LastSwiftUpdateCheck = 1420;
				LastUpgradeCheck = 1420;
				TargetAttributes = {
					2336AF2329A1E883006A7525 = {
						CreatedOnToolsVersion = 14.2;
					};
				};
			};
			buildConfigurationList = 2336AF1F29A1E883006A7525 /* Build configuration list for PBXProject "Unit.3.Assessment.ToDo" */;
			compatibilityVersion = "Xcode 14.0";
			developmentRegion = en;
			hasScannedForEncodings = 0;
			knownRegions = (
				en,
				Base,
			);
			mainGroup = 2336AF1B29A1E883006A7525;
			productRefGroup = 2336AF2529A1E883006A7525 /* Products */;
			projectDirPath = "";
			projectRoot = "";
			targets = (
				2336AF2329A1E883006A7525 /* Unit.3.Assessment.ToDo */,
			);
		};
/* End PBXProject section */

/* Begin PBXResourcesBuildPhase section */
		2336AF2229A1E883006A7525 /* Resources */ = {
			isa = PBXResourcesBuildPhase;
			buildActionMask = 2147483647;
			files = (
				2336AF3429A1E884006A7525 /* LaunchScreen.storyboard in Resources */,
				2336AF3129A1E884006A7525 /* Assets.xcassets in Resources */,
				2336AF2F29A1E883006A7525 /* Main.storyboard in Resources */,
			);
			runOnlyForDeploymentPostprocessing = 0;
		};
/* End PBXResourcesBuildPhase section */

/* Begin PBXSourcesBuildPhase section */
		2336AF2029A1E883006A7525 /* Sources */ = {
			isa = PBXSourcesBuildPhase;
			buildActionMask = 2147483647;
			files = (
				23A2C95529A2B88200FD251C /* Step.swift in Sources */,
				23A2C96829A2E5EC00FD251C /* ToDoListTableViewCell.swift in Sources */,
				23A2C96429A2E43C00FD251C /* StepListTableViewController.swift in Sources */,
				23A2C96A29A2E5FF00FD251C /* StepListTableViewCell.swift in Sources */,
				23A2C95329A2AE4D00FD251C /* List.swift in Sources */,
				2336AF2829A1E883006A7525 /* AppDelegate.swift in Sources */,
				2336AF2A29A1E883006A7525 /* SceneDelegate.swift in Sources */,
				23A2C95A29A2C2C100FD251C /* StepController.swift in Sources */,
				23A2C96029A2D6A000FD251C /* ListController.swift in Sources */,
				23A2C96229A2E42300FD251C /* ToDoListTableViewController.swift in Sources */,
			);
			runOnlyForDeploymentPostprocessing = 0;
		};
/* End PBXSourcesBuildPhase section */

/* Begin PBXVariantGroup section */
		2336AF2D29A1E883006A7525 /* Main.storyboard */ = {
			isa = PBXVariantGroup;
			children = (
				2336AF2E29A1E883006A7525 /* Base */,
			);
			name = Main.storyboard;
			sourceTree = "<group>";
		};
		2336AF3229A1E884006A7525 /* LaunchScreen.storyboard */ = {
			isa = PBXVariantGroup;
			children = (
				2336AF3329A1E884006A7525 /* Base */,
			);
			name = LaunchScreen.storyboard;
			sourceTree = "<group>";
		};
/* End PBXVariantGroup section */

/* Begin XCBuildConfiguration section */
		2336AF3629A1E884006A7525 /* Debug */ = {
			isa = XCBuildConfiguration;
			buildSettings = {
				ALWAYS_SEARCH_USER_PATHS = NO;
				CLANG_ANALYZER_NONNULL = YES;
				CLANG_ANALYZER_NUMBER_OBJECT_CONVERSION = YES_AGGRESSIVE;
				CLANG_CXX_LANGUAGE_STANDARD = "gnu++20";
				CLANG_ENABLE_MODULES = YES;
				CLANG_ENABLE_OBJC_ARC = YES;
				CLANG_ENABLE_OBJC_WEAK = YES;
				CLANG_WARN_BLOCK_CAPTURE_AUTORELEASING = YES;
				CLANG_WARN_BOOL_CONVERSION = YES;
				CLANG_WARN_COMMA = YES;
				CLANG_WARN_CONSTANT_CONVERSION = YES;
				CLANG_WARN_DEPRECATED_OBJC_IMPLEMENTATIONS = YES;
				CLANG_WARN_DIRECT_OBJC_ISA_USAGE = YES_ERROR;
				CLANG_WARN_DOCUMENTATION_COMMENTS = YES;
				CLANG_WARN_EMPTY_BODY = YES;
				CLANG_WARN_ENUM_CONVERSION = YES;
				CLANG_WARN_INFINITE_RECURSION = YES;
				CLANG_WARN_INT_CONVERSION = YES;
				CLANG_WARN_NON_LITERAL_NULL_CONVERSION = YES;
				CLANG_WARN_OBJC_IMPLICIT_RETAIN_SELF = YES;
				CLANG_WARN_OBJC_LITERAL_CONVERSION = YES;
				CLANG_WARN_OBJC_ROOT_CLASS = YES_ERROR;
				CLANG_WARN_QUOTED_INCLUDE_IN_FRAMEWORK_HEADER = YES;
				CLANG_WARN_RANGE_LOOP_ANALYSIS = YES;
				CLANG_WARN_STRICT_PROTOTYPES = YES;
				CLANG_WARN_SUSPICIOUS_MOVE = YES;
				CLANG_WARN_UNGUARDED_AVAILABILITY = YES_AGGRESSIVE;
				CLANG_WARN_UNREACHABLE_CODE = YES;
				CLANG_WARN__DUPLICATE_METHOD_MATCH = YES;
				COPY_PHASE_STRIP = NO;
				DEBUG_INFORMATION_FORMAT = dwarf;
				ENABLE_STRICT_OBJC_MSGSEND = YES;
				ENABLE_TESTABILITY = YES;
				GCC_C_LANGUAGE_STANDARD = gnu11;
				GCC_DYNAMIC_NO_PIC = NO;
				GCC_NO_COMMON_BLOCKS = YES;
				GCC_OPTIMIZATION_LEVEL = 0;
				GCC_PREPROCESSOR_DEFINITIONS = (
					"DEBUG=1",
					"$(inherited)",
				);
				GCC_WARN_64_TO_32_BIT_CONVERSION = YES;
				GCC_WARN_ABOUT_RETURN_TYPE = YES_ERROR;
				GCC_WARN_UNDECLARED_SELECTOR = YES;
				GCC_WARN_UNINITIALIZED_AUTOS = YES_AGGRESSIVE;
				GCC_WARN_UNUSED_FUNCTION = YES;
				GCC_WARN_UNUSED_VARIABLE = YES;
				IPHONEOS_DEPLOYMENT_TARGET = 16.2;
				MTL_ENABLE_DEBUG_INFO = INCLUDE_SOURCE;
				MTL_FAST_MATH = YES;
				ONLY_ACTIVE_ARCH = YES;
				SDKROOT = iphoneos;
				SWIFT_ACTIVE_COMPILATION_CONDITIONS = DEBUG;
				SWIFT_OPTIMIZATION_LEVEL = "-Onone";
			};
			name = Debug;
		};
		2336AF3729A1E884006A7525 /* Release */ = {
			isa = XCBuildConfiguration;
			buildSettings = {
				ALWAYS_SEARCH_USER_PATHS = NO;
				CLANG_ANALYZER_NONNULL = YES;
				CLANG_ANALYZER_NUMBER_OBJECT_CONVERSION = YES_AGGRESSIVE;
				CLANG_CXX_LANGUAGE_STANDARD = "gnu++20";
				CLANG_ENABLE_MODULES = YES;
				CLANG_ENABLE_OBJC_ARC = YES;
				CLANG_ENABLE_OBJC_WEAK = YES;
				CLANG_WARN_BLOCK_CAPTURE_AUTORELEASING = YES;
				CLANG_WARN_BOOL_CONVERSION = YES;
				CLANG_WARN_COMMA = YES;
				CLANG_WARN_CONSTANT_CONVERSION = YES;
				CLANG_WARN_DEPRECATED_OBJC_IMPLEMENTATIONS = YES;
				CLANG_WARN_DIRECT_OBJC_ISA_USAGE = YES_ERROR;
				CLANG_WARN_DOCUMENTATION_COMMENTS = YES;
				CLANG_WARN_EMPTY_BODY = YES;
				CLANG_WARN_ENUM_CONVERSION = YES;
				CLANG_WARN_INFINITE_RECURSION = YES;
				CLANG_WARN_INT_CONVERSION = YES;
				CLANG_WARN_NON_LITERAL_NULL_CONVERSION = YES;
				CLANG_WARN_OBJC_IMPLICIT_RETAIN_SELF = YES;
				CLANG_WARN_OBJC_LITERAL_CONVERSION = YES;
				CLANG_WARN_OBJC_ROOT_CLASS = YES_ERROR;
				CLANG_WARN_QUOTED_INCLUDE_IN_FRAMEWORK_HEADER = YES;
				CLANG_WARN_RANGE_LOOP_ANALYSIS = YES;
				CLANG_WARN_STRICT_PROTOTYPES = YES;
				CLANG_WARN_SUSPICIOUS_MOVE = YES;
				CLANG_WARN_UNGUARDED_AVAILABILITY = YES_AGGRESSIVE;
				CLANG_WARN_UNREACHABLE_CODE = YES;
				CLANG_WARN__DUPLICATE_METHOD_MATCH = YES;
				COPY_PHASE_STRIP = NO;
				DEBUG_INFORMATION_FORMAT = "dwarf-with-dsym";
				ENABLE_NS_ASSERTIONS = NO;
				ENABLE_STRICT_OBJC_MSGSEND = YES;
				GCC_C_LANGUAGE_STANDARD = gnu11;
				GCC_NO_COMMON_BLOCKS = YES;
				GCC_WARN_64_TO_32_BIT_CONVERSION = YES;
				GCC_WARN_ABOUT_RETURN_TYPE = YES_ERROR;
				GCC_WARN_UNDECLARED_SELECTOR = YES;
				GCC_WARN_UNINITIALIZED_AUTOS = YES_AGGRESSIVE;
				GCC_WARN_UNUSED_FUNCTION = YES;
				GCC_WARN_UNUSED_VARIABLE = YES;
				IPHONEOS_DEPLOYMENT_TARGET = 16.2;
				MTL_ENABLE_DEBUG_INFO = NO;
				MTL_FAST_MATH = YES;
				SDKROOT = iphoneos;
				SWIFT_COMPILATION_MODE = wholemodule;
				SWIFT_OPTIMIZATION_LEVEL = "-O";
				VALIDATE_PRODUCT = YES;
			};
			name = Release;
		};
		2336AF3929A1E884006A7525 /* Debug */ = {
			isa = XCBuildConfiguration;
			buildSettings = {
				ASSETCATALOG_COMPILER_APPICON_NAME = AppIcon;
				ASSETCATALOG_COMPILER_GLOBAL_ACCENT_COLOR_NAME = AccentColor;
				CODE_SIGN_STYLE = Automatic;
				CURRENT_PROJECT_VERSION = 1;
				GENERATE_INFOPLIST_FILE = YES;
				INFOPLIST_FILE = Unit.3.Assessment.ToDo/SupportingFiles/Info.plist;
				INFOPLIST_KEY_UIApplicationSupportsIndirectInputEvents = YES;
				INFOPLIST_KEY_UILaunchStoryboardName = LaunchScreen;
				INFOPLIST_KEY_UIMainStoryboardFile = Main;
				INFOPLIST_KEY_UISupportedInterfaceOrientations_iPad = "UIInterfaceOrientationPortrait UIInterfaceOrientationPortraitUpsideDown UIInterfaceOrientationLandscapeLeft UIInterfaceOrientationLandscapeRight";
				INFOPLIST_KEY_UISupportedInterfaceOrientations_iPhone = "UIInterfaceOrientationPortrait UIInterfaceOrientationLandscapeLeft UIInterfaceOrientationLandscapeRight";
				LD_RUNPATH_SEARCH_PATHS = (
					"$(inherited)",
					"@executable_path/Frameworks",
				);
				MARKETING_VERSION = 1.0;
				PRODUCT_BUNDLE_IDENTIFIER = "dotGlo.Unit-3-Assessment-ToDo";
				PRODUCT_NAME = "$(TARGET_NAME)";
				SWIFT_EMIT_LOC_STRINGS = YES;
				SWIFT_VERSION = 5.0;
				TARGETED_DEVICE_FAMILY = "1,2";
			};
			name = Debug;
		};
		2336AF3A29A1E884006A7525 /* Release */ = {
			isa = XCBuildConfiguration;
			buildSettings = {
				ASSETCATALOG_COMPILER_APPICON_NAME = AppIcon;
				ASSETCATALOG_COMPILER_GLOBAL_ACCENT_COLOR_NAME = AccentColor;
				CODE_SIGN_STYLE = Automatic;
				CURRENT_PROJECT_VERSION = 1;
				GENERATE_INFOPLIST_FILE = YES;
				INFOPLIST_FILE = Unit.3.Assessment.ToDo/SupportingFiles/Info.plist;
				INFOPLIST_KEY_UIApplicationSupportsIndirectInputEvents = YES;
				INFOPLIST_KEY_UILaunchStoryboardName = LaunchScreen;
				INFOPLIST_KEY_UIMainStoryboardFile = Main;
				INFOPLIST_KEY_UISupportedInterfaceOrientations_iPad = "UIInterfaceOrientationPortrait UIInterfaceOrientationPortraitUpsideDown UIInterfaceOrientationLandscapeLeft UIInterfaceOrientationLandscapeRight";
				INFOPLIST_KEY_UISupportedInterfaceOrientations_iPhone = "UIInterfaceOrientationPortrait UIInterfaceOrientationLandscapeLeft UIInterfaceOrientationLandscapeRight";
				LD_RUNPATH_SEARCH_PATHS = (
					"$(inherited)",
					"@executable_path/Frameworks",
				);
				MARKETING_VERSION = 1.0;
				PRODUCT_BUNDLE_IDENTIFIER = "dotGlo.Unit-3-Assessment-ToDo";
				PRODUCT_NAME = "$(TARGET_NAME)";
				SWIFT_EMIT_LOC_STRINGS = YES;
				SWIFT_VERSION = 5.0;
				TARGETED_DEVICE_FAMILY = "1,2";
			};
			name = Release;
		};
/* End XCBuildConfiguration section */

/* Begin XCConfigurationList section */
		2336AF1F29A1E883006A7525 /* Build configuration list for PBXProject "Unit.3.Assessment.ToDo" */ = {
			isa = XCConfigurationList;
			buildConfigurations = (
				2336AF3629A1E884006A7525 /* Debug */,
				2336AF3729A1E884006A7525 /* Release */,
			);
			defaultConfigurationIsVisible = 0;
			defaultConfigurationName = Release;
		};
		2336AF3829A1E884006A7525 /* Build configuration list for PBXNativeTarget "Unit.3.Assessment.ToDo" */ = {
			isa = XCConfigurationList;
			buildConfigurations = (
				2336AF3929A1E884006A7525 /* Debug */,
				2336AF3A29A1E884006A7525 /* Release */,
			);
			defaultConfigurationIsVisible = 0;
			defaultConfigurationName = Release;
		};
/* End XCConfigurationList section */
	};
	rootObject = 2336AF1C29A1E883006A7525 /* Project object */;
}
